
Microsoft Visual Studio Solution File, Format Version 12.00
# Visual Studio Version 17
VisualStudioVersion = 17.6.33829.357
MinimumVisualStudioVersion = 10.0.40219.1
Project("{FAE04EC0-301F-11D3-BF4B-00C04F79EFBC}") = "Demo1_Classes", "Demo1_Classes\Demo1_Classes.csproj", "{931807AD-D0BB-4A24-986A-E26B1262F917}"
EndProject
Global
	GlobalSection(SolutionConfigurationPlatforms) = preSolution
		Debug|Any CPU = Debug|Any CPU
		Release|Any CPU = Release|Any CPU
	EndGlobalSection
	GlobalSection(ProjectConfigurationPlatforms) = postSolution
		{931807AD-D0BB-4A24-986A-E26B1262F917}.Debug|Any CPU.ActiveCfg = Debug|Any CPU
		{931807AD-D0BB-4A24-986A-E26B1262F917}.Debug|Any CPU.Build.0 = Debug|Any CPU
		{931807AD-D0BB-4A24-986A-E26B1262F917}.Release|Any CPU.ActiveCfg = Release|Any CPU
		{931807AD-D0BB-4A24-986A-E26B1262F917}.Release|Any CPU.Build.0 = Release|Any CPU
	EndGlobalSection
	GlobalSection(SolutionProperties) = preSolution
		HideSolutionNode = FALSE
	EndGlobalSection
	GlobalSection(ExtensibilityGlobals) = postSolution
		SolutionGuid = {6E11D976-7165-4AD6-9F48-2DACB72A045A}
	EndGlobalSection
EndGlobal
