
Microsoft Visual Studio Solution File, Format Version 12.00
# Visual Studio Version 17
VisualStudioVersion = 17.6.33829.357
MinimumVisualStudioVersion = 10.0.40219.1
Project("{FAE04EC0-301F-11D3-BF4B-00C04F79EFBC}") = "Predicates_Demo", "Predicates_Demo\Predicates_Demo.csproj", "{A9A20E69-C9BB-4111-A81F-95F5D36F5980}"
EndProject
Global
	GlobalSection(SolutionConfigurationPlatforms) = preSolution
		Debug|Any CPU = Debug|Any CPU
		Release|Any CPU = Release|Any CPU
	EndGlobalSection
	GlobalSection(ProjectConfigurationPlatforms) = postSolution
		{A9A20E69-C9BB-4111-A81F-95F5D36F5980}.Debug|Any CPU.ActiveCfg = Debug|Any CPU
		{A9A20E69-C9BB-4111-A81F-95F5D36F5980}.Debug|Any CPU.Build.0 = Debug|Any CPU
		{A9A20E69-C9BB-4111-A81F-95F5D36F5980}.Release|Any CPU.ActiveCfg = Release|Any CPU
		{A9A20E69-C9BB-4111-A81F-95F5D36F5980}.Release|Any CPU.Build.0 = Release|Any CPU
	EndGlobalSection
	GlobalSection(SolutionProperties) = preSolution
		HideSolutionNode = FALSE
	EndGlobalSection
	GlobalSection(ExtensibilityGlobals) = postSolution
		SolutionGuid = {271ECD18-2B91-479D-9BC4-07B62F11B23B}
	EndGlobalSection
EndGlobal
