
Microsoft Visual Studio Solution File, Format Version 12.00
# Visual Studio Version 17
VisualStudioVersion = 17.6.33829.357
MinimumVisualStudioVersion = 10.0.40219.1
Project("{FAE04EC0-301F-11D3-BF4B-00C04F79EFBC}") = "InheritanceReview", "InheritanceReview\InheritanceReview.csproj", "{641B8C71-9C6A-440C-BF02-CC1534852D13}"
EndProject
Global
	GlobalSection(SolutionConfigurationPlatforms) = preSolution
		Debug|Any CPU = Debug|Any CPU
		Release|Any CPU = Release|Any CPU
	EndGlobalSection
	GlobalSection(ProjectConfigurationPlatforms) = postSolution
		{641B8C71-9C6A-440C-BF02-CC1534852D13}.Debug|Any CPU.ActiveCfg = Debug|Any CPU
		{641B8C71-9C6A-440C-BF02-CC1534852D13}.Debug|Any CPU.Build.0 = Debug|Any CPU
		{641B8C71-9C6A-440C-BF02-CC1534852D13}.Release|Any CPU.ActiveCfg = Release|Any CPU
		{641B8C71-9C6A-440C-BF02-CC1534852D13}.Release|Any CPU.Build.0 = Release|Any CPU
	EndGlobalSection
	GlobalSection(SolutionProperties) = preSolution
		HideSolutionNode = FALSE
	EndGlobalSection
	GlobalSection(ExtensibilityGlobals) = postSolution
		SolutionGuid = {3BC5997C-5820-4723-B9A1-2975F6BA7E3F}
	EndGlobalSection
EndGlobal
