
Microsoft Visual Studio Solution File, Format Version 12.00
# Visual Studio Version 17
VisualStudioVersion = 17.6.33829.357
MinimumVisualStudioVersion = 10.0.40219.1
Project("{FAE04EC0-301F-11D3-BF4B-00C04F79EFBC}") = "ConsoleApp1", "ConsoleApp1\ConsoleApp1.csproj", "{2E567BAF-A0E0-4F06-8615-5CDFDF59985A}"
EndProject
Global
	GlobalSection(SolutionConfigurationPlatforms) = preSolution
		Debug|Any CPU = Debug|Any CPU
		Release|Any CPU = Release|Any CPU
	EndGlobalSection
	GlobalSection(ProjectConfigurationPlatforms) = postSolution
		{2E567BAF-A0E0-4F06-8615-5CDFDF59985A}.Debug|Any CPU.ActiveCfg = Debug|Any CPU
		{2E567BAF-A0E0-4F06-8615-5CDFDF59985A}.Debug|Any CPU.Build.0 = Debug|Any CPU
		{2E567BAF-A0E0-4F06-8615-5CDFDF59985A}.Release|Any CPU.ActiveCfg = Release|Any CPU
		{2E567BAF-A0E0-4F06-8615-5CDFDF59985A}.Release|Any CPU.Build.0 = Release|Any CPU
	EndGlobalSection
	GlobalSection(SolutionProperties) = preSolution
		HideSolutionNode = FALSE
	EndGlobalSection
	GlobalSection(ExtensibilityGlobals) = postSolution
		SolutionGuid = {0F1BB23E-515B-4CCE-B8AD-1914A53D42AC}
	EndGlobalSection
EndGlobal
